{
  "name": "checkmarx-vscode-extensions",
  "version": "2.47.0",
  "lockfileVersion": 3,
  "requires": true,
  "packages": {
    "": {
      "name": "checkmarx-vscode-extensions",
      "version": "2.47.0",
      "engines": {
        "node": ">=18.0.0",
        "npm": ">=9.0.0"
      }
    }
  }
}
